
Microsoft Visual Studio Solution File, Format Version 12.00
Project("{FAE04EC0-301F-11D3-BF4B-00C04F79EFBC}") = "inventar-api", "inventar-api\inventar-api.csproj", "{3A9006F5-7D20-4A23-A4FC-D5EE50991C4B}"
EndProject
Project("{FAE04EC0-301F-11D3-BF4B-00C04F79EFBC}") = "inventar-api-tests", "inventar-api-tests\inventar-api-tests.csproj", "{2CA9E392-1DDD-4FB1-B0E7-0109F641296F}"
EndProject
Global
	GlobalSection(SolutionConfigurationPlatforms) = preSolution
		Debug|Any CPU = Debug|Any CPU
		Release|Any CPU = Release|Any CPU
	EndGlobalSection
	GlobalSection(ProjectConfigurationPlatforms) = postSolution
		{3A9006F5-7D20-4A23-A4FC-D5EE50991C4B}.Debug|Any CPU.ActiveCfg = Debug|Any CPU
		{3A9006F5-7D20-4A23-A4FC-D5EE50991C4B}.Debug|Any CPU.Build.0 = Debug|Any CPU
		{3A9006F5-7D20-4A23-A4FC-D5EE50991C4B}.Release|Any CPU.ActiveCfg = Release|Any CPU
		{3A9006F5-7D20-4A23-A4FC-D5EE50991C4B}.Release|Any CPU.Build.0 = Release|Any CPU
		{2CA9E392-1DDD-4FB1-B0E7-0109F641296F}.Debug|Any CPU.ActiveCfg = Debug|Any CPU
		{2CA9E392-1DDD-4FB1-B0E7-0109F641296F}.Debug|Any CPU.Build.0 = Debug|Any CPU
		{2CA9E392-1DDD-4FB1-B0E7-0109F641296F}.Release|Any CPU.ActiveCfg = Release|Any CPU
		{2CA9E392-1DDD-4FB1-B0E7-0109F641296F}.Release|Any CPU.Build.0 = Release|Any CPU
	EndGlobalSection
EndGlobal
